
Microsoft Visual Studio Solution File, Format Version 12.00
# Visual Studio Version 16
VisualStudioVersion = 16.0.31424.327
MinimumVisualStudioVersion = 10.0.40219.1
Project("{FAE04EC0-301F-11D3-BF4B-00C04F79EFBC}") = "WpfCore", "WpfCore.csproj", "{5A066D21-42D4-40D8-A8BC-29E027E9B63F}"
EndProject
Global
	GlobalSection(SolutionConfigurationPlatforms) = preSolution
		Debug|Any CPU = Debug|Any CPU
		Release|Any CPU = Release|Any CPU
	EndGlobalSection
	GlobalSection(ProjectConfigurationPlatforms) = postSolution
		{5A066D21-42D4-40D8-A8BC-29E027E9B63F}.Debug|Any CPU.ActiveCfg = Debug|Any CPU
		{5A066D21-42D4-40D8-A8BC-29E027E9B63F}.Debug|Any CPU.Build.0 = Debug|Any CPU
		{5A066D21-42D4-40D8-A8BC-29E027E9B63F}.Release|Any CPU.ActiveCfg = Release|Any CPU
		{5A066D21-42D4-40D8-A8BC-29E027E9B63F}.Release|Any CPU.Build.0 = Release|Any CPU
	EndGlobalSection
	GlobalSection(SolutionProperties) = preSolution
		HideSolutionNode = FALSE
	EndGlobalSection
	GlobalSection(ExtensibilityGlobals) = postSolution
		SolutionGuid = {AACFF2F5-E5D0-4611-81B4-7DA54DEA8E35}
	EndGlobalSection
EndGlobal
